
Microsoft Visual Studio Solution File, Format Version 12.00
# Visual Studio Version 17
VisualStudioVersion = 17.0.31903.59
MinimumVisualStudioVersion = 10.0.40219.1
Project("{FAE04EC0-301F-11D3-BF4B-00C04F79EFBC}") = "Backend.Api", "Backend.Api\Backend.Api.csproj", "{93AD5DE8-7E87-4274-9B8B-50CBD7C64C94}"
EndProject
Project("{FAE04EC0-301F-11D3-BF4B-00C04F79EFBC}") = "Backend.Tests", "Backend.Tests\Backend.Tests.csproj", "{F8E3C8A7-0CD5-473B-AD4A-E868DDE5DCA4}"
EndProject
Global
	GlobalSection(SolutionConfigurationPlatforms) = preSolution
		Debug|Any CPU = Debug|Any CPU
		Debug|x64 = Debug|x64
		Debug|x86 = Debug|x86
		Release|Any CPU = Release|Any CPU
		Release|x64 = Release|x64
		Release|x86 = Release|x86
	EndGlobalSection
	GlobalSection(ProjectConfigurationPlatforms) = postSolution
		{93AD5DE8-7E87-4274-9B8B-50CBD7C64C94}.Debug|Any CPU.ActiveCfg = Debug|Any CPU
		{93AD5DE8-7E87-4274-9B8B-50CBD7C64C94}.Debug|Any CPU.Build.0 = Debug|Any CPU
		{93AD5DE8-7E87-4274-9B8B-50CBD7C64C94}.Debug|x64.ActiveCfg = Debug|Any CPU
		{93AD5DE8-7E87-4274-9B8B-50CBD7C64C94}.Debug|x64.Build.0 = Debug|Any CPU
		{93AD5DE8-7E87-4274-9B8B-50CBD7C64C94}.Debug|x86.ActiveCfg = Debug|Any CPU
		{93AD5DE8-7E87-4274-9B8B-50CBD7C64C94}.Debug|x86.Build.0 = Debug|Any CPU
		{93AD5DE8-7E87-4274-9B8B-50CBD7C64C94}.Release|Any CPU.ActiveCfg = Release|Any CPU
		{93AD5DE8-7E87-4274-9B8B-50CBD7C64C94}.Release|Any CPU.Build.0 = Release|Any CPU
		{93AD5DE8-7E87-4274-9B8B-50CBD7C64C94}.Release|x64.ActiveCfg = Release|Any CPU
		{93AD5DE8-7E87-4274-9B8B-50CBD7C64C94}.Release|x64.Build.0 = Release|Any CPU
		{93AD5DE8-7E87-4274-9B8B-50CBD7C64C94}.Release|x86.ActiveCfg = Release|Any CPU
		{93AD5DE8-7E87-4274-9B8B-50CBD7C64C94}.Release|x86.Build.0 = Release|Any CPU
		{F8E3C8A7-0CD5-473B-AD4A-E868DDE5DCA4}.Debug|Any CPU.ActiveCfg = Debug|Any CPU
		{F8E3C8A7-0CD5-473B-AD4A-E868DDE5DCA4}.Debug|Any CPU.Build.0 = Debug|Any CPU
		{F8E3C8A7-0CD5-473B-AD4A-E868DDE5DCA4}.Debug|x64.ActiveCfg = Debug|Any CPU
		{F8E3C8A7-0CD5-473B-AD4A-E868DDE5DCA4}.Debug|x64.Build.0 = Debug|Any CPU
		{F8E3C8A7-0CD5-473B-AD4A-E868DDE5DCA4}.Debug|x86.ActiveCfg = Debug|Any CPU
		{F8E3C8A7-0CD5-473B-AD4A-E868DDE5DCA4}.Debug|x86.Build.0 = Debug|Any CPU
		{F8E3C8A7-0CD5-473B-AD4A-E868DDE5DCA4}.Release|Any CPU.ActiveCfg = Release|Any CPU
		{F8E3C8A7-0CD5-473B-AD4A-E868DDE5DCA4}.Release|Any CPU.Build.0 = Release|Any CPU
		{F8E3C8A7-0CD5-473B-AD4A-E868DDE5DCA4}.Release|x64.ActiveCfg = Release|Any CPU
		{F8E3C8A7-0CD5-473B-AD4A-E868DDE5DCA4}.Release|x64.Build.0 = Release|Any CPU
		{F8E3C8A7-0CD5-473B-AD4A-E868DDE5DCA4}.Release|x86.ActiveCfg = Release|Any CPU
		{F8E3C8A7-0CD5-473B-AD4A-E868DDE5DCA4}.Release|x86.Build.0 = Release|Any CPU
	EndGlobalSection
	GlobalSection(SolutionProperties) = preSolution
		HideSolutionNode = FALSE
	EndGlobalSection
EndGlobal
